
Microsoft Visual Studio Solution File, Format Version 12.00
# Visual Studio Version 17
VisualStudioVersion = 17.11.35219.272
MinimumVisualStudioVersion = 10.0.40219.1
Project("{FAE04EC0-301F-11D3-BF4B-00C04F79EFBC}") = "Ejercicio4", "Ejercicio4\Ejercicio4.csproj", "{3EC1DEFC-F1FF-46BA-8D8E-121E24CC3B52}"
EndProject
Global
	GlobalSection(SolutionConfigurationPlatforms) = preSolution
		Debug|Any CPU = Debug|Any CPU
		Release|Any CPU = Release|Any CPU
	EndGlobalSection
	GlobalSection(ProjectConfigurationPlatforms) = postSolution
		{3EC1DEFC-F1FF-46BA-8D8E-121E24CC3B52}.Debug|Any CPU.ActiveCfg = Debug|Any CPU
		{3EC1DEFC-F1FF-46BA-8D8E-121E24CC3B52}.Debug|Any CPU.Build.0 = Debug|Any CPU
		{3EC1DEFC-F1FF-46BA-8D8E-121E24CC3B52}.Release|Any CPU.ActiveCfg = Release|Any CPU
		{3EC1DEFC-F1FF-46BA-8D8E-121E24CC3B52}.Release|Any CPU.Build.0 = Release|Any CPU
	EndGlobalSection
	GlobalSection(SolutionProperties) = preSolution
		HideSolutionNode = FALSE
	EndGlobalSection
	GlobalSection(ExtensibilityGlobals) = postSolution
		SolutionGuid = {7E03217D-C00C-4D78-B5BB-9194C15E0039}
	EndGlobalSection
EndGlobal
